// !$*UTF8*$!
{
	archiveVersion = 1;
	classes = {
	};
	objectVersion = 46;
	objects = {

/* Begin PBXBuildFile section */
		980D86811C8F32F400B2C81E /* Grid.cpp in Sources */ = {isa = PBXBuildFile; fileRef = 980D867F1C8F32F400B2C81E /* Grid.cpp */; };
		980D86821C8F32F400B2C81E /* Grid.cpp in Sources */ = {isa = PBXBuildFile; fileRef = 980D867F1C8F32F400B2C81E /* Grid.cpp */; };
		980D86851C8F3DAD00B2C81E /* GeometryProvider.cpp in Sources */ = {isa = PBXBuildFile; fileRef = 980D86831C8F3DAD00B2C81E /* GeometryProvider.cpp */; };
		980D86861C8F3DAD00B2C81E /* GeometryProvider.cpp in Sources */ = {isa = PBXBuildFile; fileRef = 980D86831C8F3DAD00B2C81E /* GeometryProvider.cpp */; };
		980D9BE31C7E23A400C30167 /* Asteroid.cpp in Sources */ = {isa = PBXBuildFile; fileRef = 980D9BD91C7E23A400C30167 /* Asteroid.cpp */; };
		980D9BE41C7E23A400C30167 /* Asteroid.cpp in Sources */ = {isa = PBXBuildFile; fileRef = 980D9BD91C7E23A400C30167 /* Asteroid.cpp */; };
		980D9BE51C7E23A400C30167 /* AsteroidsGame.cpp in Sources */ = {isa = PBXBuildFile; fileRef = 980D9BDB1C7E23A400C30167 /* AsteroidsGame.cpp */; };
		980D9BE61C7E23A400C30167 /* AsteroidsGame.cpp in Sources */ = {isa = PBXBuildFile; fileRef = 980D9BDB1C7E23A400C30167 /* AsteroidsGame.cpp */; };
		980D9BE71C7E23A400C30167 /* Camera.cpp in Sources */ = {isa = PBXBuildFile; fileRef = 980D9BDD1C7E23A400C30167 /* Camera.cpp */; };
		980D9BE81C7E23A400C30167 /* Camera.cpp in Sources */ = {isa = PBXBuildFile; fileRef = 980D9BDD1C7E23A400C30167 /* Camera.cpp */; };
		980D9BE91C7E23A400C30167 /* Transform.cpp in Sources */ = {isa = PBXBuildFile; fileRef = 980D9BDF1C7E23A400C30167 /* Transform.cpp */; };
		980D9BEA1C7E23A400C30167 /* Transform.cpp in Sources */ = {isa = PBXBuildFile; fileRef = 980D9BDF1C7E23A400C30167 /* Transform.cpp */; };
		980D9BEB1C7E23A400C30167 /* WorldEntity.cpp in Sources */ = {isa = PBXBuildFile; fileRef = 980D9BE11C7E23A400C30167 /* WorldEntity.cpp */; };
		980D9BEC1C7E23A400C30167 /* WorldEntity.cpp in Sources */ = {isa = PBXBuildFile; fileRef = 980D9BE11C7E23A400C30167 /* WorldEntity.cpp */; };
		980D9BF11C7E254100C30167 /* Ship.cpp in Sources */ = {isa = PBXBuildFile; fileRef = 980D9BEF1C7E254100C30167 /* Ship.cpp */; };
		980D9BF21C7E254100C30167 /* Ship.cpp in Sources */ = {isa = PBXBuildFile; fileRef = 980D9BEF1C7E254100C30167 /* Ship.cpp */; };
		9831A2BF1C56A0A4005F2989 /* main.cpp in Sources */ = {isa = PBXBuildFile; fileRef = 9831A2BE1C56A0A4005F2989 /* main.cpp */; };
		9831A2C61C56A11A005F2989 /* OpenGL.framework in Frameworks */ = {isa = PBXBuildFile; fileRef = 9831A2C51C56A11A005F2989 /* OpenGL.framework */; };
		9831A2ED1C56A221005F2989 /* etc1_utils.c in Sources */ = {isa = PBXBuildFile; fileRef = 9831A2D31C56A221005F2989 /* etc1_utils.c */; };
		9831A2EE1C56A221005F2989 /* image_DXT.c in Sources */ = {isa = PBXBuildFile; fileRef = 9831A2D51C56A221005F2989 /* image_DXT.c */; };
		9831A2EF1C56A221005F2989 /* image_helper.c in Sources */ = {isa = PBXBuildFile; fileRef = 9831A2D71C56A221005F2989 /* image_helper.c */; };
		9831A2F01C56A221005F2989 /* SOIL2.c in Sources */ = {isa = PBXBuildFile; fileRef = 9831A2DB1C56A221005F2989 /* SOIL2.c */; };
		9831A2F11C56A221005F2989 /* stb_image.c in Sources */ = {isa = PBXBuildFile; fileRef = 9831A2DD1C56A221005F2989 /* stb_image.c */; };
		9831A2F21C56A221005F2989 /* stb_image_write.c in Sources */ = {isa = PBXBuildFile; fileRef = 9831A2DF1C56A221005F2989 /* stb_image_write.c */; };
		9831A2F31C56A221005F2989 /* gl_core_4_3.cpp in Sources */ = {isa = PBXBuildFile; fileRef = 9831A2EA1C56A221005F2989 /* gl_core_4_3.cpp */; };
		98A62D3C20587DCA003F5AD3 /* libglfw.3.3.dylib in Frameworks */ = {isa = PBXBuildFile; fileRef = 98A62D3A20587D76003F5AD3 /* libglfw.3.3.dylib */; };
		98BD50D11C6BAA0E004A88C1 /* Vectors.cpp in Sources */ = {isa = PBXBuildFile; fileRef = 98BD50CF1C6BAA0E004A88C1 /* Vectors.cpp */; };
		98BD50D21C6BAA0E004A88C1 /* Vectors.cpp in Sources */ = {isa = PBXBuildFile; fileRef = 98BD50CF1C6BAA0E004A88C1 /* Vectors.cpp */; };
		98BD50D51C6BAB0A004A88C1 /* Matrix.cpp in Sources */ = {isa = PBXBuildFile; fileRef = 98BD50D31C6BAB0A004A88C1 /* Matrix.cpp */; };
		98BD50D61C6BAB0A004A88C1 /* Matrix.cpp in Sources */ = {isa = PBXBuildFile; fileRef = 98BD50D31C6BAB0A004A88C1 /* Matrix.cpp */; };
		98D27A9520587411007C5D13 /* Explodable.cpp in Sources */ = {isa = PBXBuildFile; fileRef = 98D27A9320587410007C5D13 /* Explodable.cpp */; };
		98D27AC12058746C007C5D13 /* Light.cpp in Sources */ = {isa = PBXBuildFile; fileRef = 98D27A9720587466007C5D13 /* Light.cpp */; };
		98D27AC22058746C007C5D13 /* StateMachine.cpp in Sources */ = {isa = PBXBuildFile; fileRef = 98D27A9A20587467007C5D13 /* StateMachine.cpp */; };
		98D27AC32058746C007C5D13 /* Primitive.cpp in Sources */ = {isa = PBXBuildFile; fileRef = 98D27AA120587468007C5D13 /* Primitive.cpp */; };
		98D27AC42058746C007C5D13 /* Scoreboard.cpp in Sources */ = {isa = PBXBuildFile; fileRef = 98D27AA220587468007C5D13 /* Scoreboard.cpp */; };
		98D27AC52058746C007C5D13 /* Identity.cpp in Sources */ = {isa = PBXBuildFile; fileRef = 98D27AA420587468007C5D13 /* Identity.cpp */; };
		98D27AC62058746C007C5D13 /* PerlinNoise.cpp in Sources */ = {isa = PBXBuildFile; fileRef = 98D27AA520587468007C5D13 /* PerlinNoise.cpp */; };
		98D27AC72058746C007C5D13 /* GameEnvironment.cpp in Sources */ = {isa = PBXBuildFile; fileRef = 98D27AA620587469007C5D13 /* GameEnvironment.cpp */; };
		98D27AC82058746C007C5D13 /* UniformCollection.cpp in Sources */ = {isa = PBXBuildFile; fileRef = 98D27AA820587469007C5D13 /* UniformCollection.cpp */; };
		98D27AC92058746C007C5D13 /* SimplexNoise.cpp in Sources */ = {isa = PBXBuildFile; fileRef = 98D27AAC20587469007C5D13 /* SimplexNoise.cpp */; };
		98D27ACA2058746C007C5D13 /* Text.cpp in Sources */ = {isa = PBXBuildFile; fileRef = 98D27AAD20587469007C5D13 /* Text.cpp */; };
		98D27ACB2058746C007C5D13 /* Drawable.cpp in Sources */ = {isa = PBXBuildFile; fileRef = 98D27AB12058746A007C5D13 /* Drawable.cpp */; };
		98D27ACC2058746C007C5D13 /* ShaderProcessor.cpp in Sources */ = {isa = PBXBuildFile; fileRef = 98D27AB42058746A007C5D13 /* ShaderProcessor.cpp */; };
		98D27ACD2058746C007C5D13 /* Draw.cpp in Sources */ = {isa = PBXBuildFile; fileRef = 98D27AB52058746A007C5D13 /* Draw.cpp */; };
		98D27ACE2058746C007C5D13 /* GameState.cpp in Sources */ = {isa = PBXBuildFile; fileRef = 98D27AB62058746B007C5D13 /* GameState.cpp */; };
		98D27ACF2058746C007C5D13 /* Preprocessor.cpp in Sources */ = {isa = PBXBuildFile; fileRef = 98D27AB82058746B007C5D13 /* Preprocessor.cpp */; };
		98D27AD02058746C007C5D13 /* Shader.cpp in Sources */ = {isa = PBXBuildFile; fileRef = 98D27ABA2058746B007C5D13 /* Shader.cpp */; };
		98D27AD12058746C007C5D13 /* Hud.cpp in Sources */ = {isa = PBXBuildFile; fileRef = 98D27ABB2058746B007C5D13 /* Hud.cpp */; };
		98D27AD22058746C007C5D13 /* Sprite.cpp in Sources */ = {isa = PBXBuildFile; fileRef = 98D27ABC2058746B007C5D13 /* Sprite.cpp */; };
		98D27AD32058746C007C5D13 /* Missile.cpp in Sources */ = {isa = PBXBuildFile; fileRef = 98D27ABD2058746B007C5D13 /* Missile.cpp */; };
		98D27AD42058746C007C5D13 /* InputSystem.cpp in Sources */ = {isa = PBXBuildFile; fileRef = 98D27ABF2058746C007C5D13 /* InputSystem.cpp */; };
		98D48EEA1C624E0F00C3A36B /* Resource.cpp in Sources */ = {isa = PBXBuildFile; fileRef = 98D48EE81C624E0F00C3A36B /* Resource.cpp */; };
		98D48EF01C62716800C3A36B /* Material.cpp in Sources */ = {isa = PBXBuildFile; fileRef = 98D48EEE1C62716800C3A36B /* Material.cpp */; };
		98DEDA5E1C7F9F11005776DB /* InputHandler.cpp in Sources */ = {isa = PBXBuildFile; fileRef = 98DEDA5C1C7F9F11005776DB /* InputHandler.cpp */; };
		98DEDA5F1C7F9F11005776DB /* InputHandler.cpp in Sources */ = {isa = PBXBuildFile; fileRef = 98DEDA5C1C7F9F11005776DB /* InputHandler.cpp */; };
		98F03C231C5FA3A2008EEF9B /* Game.cpp in Sources */ = {isa = PBXBuildFile; fileRef = 98F03C211C5FA3A2008EEF9B /* Game.cpp */; };
		98F03C261C5FCAF3008EEF9B /* GameObject.cpp in Sources */ = {isa = PBXBuildFile; fileRef = 98F03C241C5FCAF3008EEF9B /* GameObject.cpp */; };
		98F03C2C1C5FCBB4008EEF9B /* GameTime.cpp in Sources */ = {isa = PBXBuildFile; fileRef = 98F03C2A1C5FCBB4008EEF9B /* GameTime.cpp */; };
		98F03C2F1C5FCBF6008EEF9B /* Log.cpp in Sources */ = {isa = PBXBuildFile; fileRef = 98F03C2D1C5FCBF6008EEF9B /* Log.cpp */; };
		98F03C331C5FCC77008EEF9B /* glError.cpp in Sources */ = {isa = PBXBuildFile; fileRef = 98F03C311C5FCC77008EEF9B /* glError.cpp */; };
		98F03C361C5FDD5D008EEF9B /* Files.cpp in Sources */ = {isa = PBXBuildFile; fileRef = 98F03C341C5FDD5D008EEF9B /* Files.cpp */; };
		98F4ADB21C60087700D98467 /* Mesh.cpp in Sources */ = {isa = PBXBuildFile; fileRef = 98F4ADB01C60087700D98467 /* Mesh.cpp */; };
		A6BE86631C6B96F900B62F67 /* Game.cpp in Sources */ = {isa = PBXBuildFile; fileRef = 98F03C211C5FA3A2008EEF9B /* Game.cpp */; };
		A6BE86651C6B96F900B62F67 /* glError.cpp in Sources */ = {isa = PBXBuildFile; fileRef = 98F03C311C5FCC77008EEF9B /* glError.cpp */; };
		A6BE86661C6B96F900B62F67 /* gl_core_4_3.cpp in Sources */ = {isa = PBXBuildFile; fileRef = 9831A2EA1C56A221005F2989 /* gl_core_4_3.cpp */; };
		A6BE86671C6B96F900B62F67 /* Files.cpp in Sources */ = {isa = PBXBuildFile; fileRef = 98F03C341C5FDD5D008EEF9B /* Files.cpp */; };
		A6BE86681C6B96F900B62F67 /* etc1_utils.c in Sources */ = {isa = PBXBuildFile; fileRef = 9831A2D31C56A221005F2989 /* etc1_utils.c */; };
		A6BE86691C6B96F900B62F67 /* image_helper.c in Sources */ = {isa = PBXBuildFile; fileRef = 9831A2D71C56A221005F2989 /* image_helper.c */; };
		A6BE866A1C6B96F900B62F67 /* GameObject.cpp in Sources */ = {isa = PBXBuildFile; fileRef = 98F03C241C5FCAF3008EEF9B /* GameObject.cpp */; };
		A6BE866B1C6B96F900B62F67 /* Material.cpp in Sources */ = {isa = PBXBuildFile; fileRef = 98D48EEE1C62716800C3A36B /* Material.cpp */; };
		A6BE866C1C6B96F900B62F67 /* main.cpp in Sources */ = {isa = PBXBuildFile; fileRef = 9831A2BE1C56A0A4005F2989 /* main.cpp */; };
		A6BE866D1C6B96F900B62F67 /* Log.cpp in Sources */ = {isa = PBXBuildFile; fileRef = 98F03C2D1C5FCBF6008EEF9B /* Log.cpp */; };
		A6BE866E1C6B96F900B62F67 /* Mesh.cpp in Sources */ = {isa = PBXBuildFile; fileRef = 98F4ADB01C60087700D98467 /* Mesh.cpp */; };
		A6BE866F1C6B96F900B62F67 /* stb_image_write.c in Sources */ = {isa = PBXBuildFile; fileRef = 9831A2DF1C56A221005F2989 /* stb_image_write.c */; };
		A6BE86701C6B96F900B62F67 /* Resource.cpp in Sources */ = {isa = PBXBuildFile; fileRef = 98D48EE81C624E0F00C3A36B /* Resource.cpp */; };
		A6BE86711C6B96F900B62F67 /* SOIL2.c in Sources */ = {isa = PBXBuildFile; fileRef = 9831A2DB1C56A221005F2989 /* SOIL2.c */; };
		A6BE86721C6B96F900B62F67 /* GameTime.cpp in Sources */ = {isa = PBXBuildFile; fileRef = 98F03C2A1C5FCBB4008EEF9B /* GameTime.cpp */; };
		A6BE86731C6B96F900B62F67 /* image_DXT.c in Sources */ = {isa = PBXBuildFile; fileRef = 9831A2D51C56A221005F2989 /* image_DXT.c */; };
		A6BE86741C6B96F900B62F67 /* stb_image.c in Sources */ = {isa = PBXBuildFile; fileRef = 9831A2DD1C56A221005F2989 /* stb_image.c */; };
		A6BE86761C6B96F900B62F67 /* OpenGL.framework in Frameworks */ = {isa = PBXBuildFile; fileRef = 9831A2C51C56A11A005F2989 /* OpenGL.framework */; };
/* End PBXBuildFile section */

/* Begin PBXCopyFilesBuildPhase section */
		9831A2B91C56A0A4005F2989 /* Copy Files */ = {
			isa = PBXCopyFilesBuildPhase;
			buildActionMask = 2147483647;
			dstPath = "";
			dstSubfolderSpec = 16;
			files = (
			);
			name = "Copy Files";
			runOnlyForDeploymentPostprocessing = 1;
		};
		A6BE86771C6B96F900B62F67 /* Copy Files */ = {
			isa = PBXCopyFilesBuildPhase;
			buildActionMask = 2147483647;
			dstPath = "";
			dstSubfolderSpec = 16;
			files = (
			);
			name = "Copy Files";
			runOnlyForDeploymentPostprocessing = 1;
		};
/* End PBXCopyFilesBuildPhase section */

/* Begin PBXFileReference section */
		980D867A1C8487C100B2C81E /* Component.h */ = {isa = PBXFileReference; fileEncoding = 4; lastKnownFileType = sourcecode.c.h; path = Component.h; sourceTree = "<group>"; };
		980D867F1C8F32F400B2C81E /* Grid.cpp */ = {isa = PBXFileReference; fileEncoding = 4; lastKnownFileType = sourcecode.cpp.cpp; path = Grid.cpp; sourceTree = "<group>"; };
		980D86801C8F32F400B2C81E /* Grid.h */ = {isa = PBXFileReference; fileEncoding = 4; lastKnownFileType = sourcecode.c.h; path = Grid.h; sourceTree = "<group>"; };
		980D86831C8F3DAD00B2C81E /* GeometryProvider.cpp */ = {isa = PBXFileReference; fileEncoding = 4; lastKnownFileType = sourcecode.cpp.cpp; path = GeometryProvider.cpp; sourceTree = "<group>"; };
		980D86841C8F3DAD00B2C81E /* GeometryProvider.h */ = {isa = PBXFileReference; fileEncoding = 4; lastKnownFileType = sourcecode.c.h; path = GeometryProvider.h; sourceTree = "<group>"; };
		980D9BD91C7E23A400C30167 /* Asteroid.cpp */ = {isa = PBXFileReference; fileEncoding = 4; lastKnownFileType = sourcecode.cpp.cpp; path = Asteroid.cpp; sourceTree = "<group>"; };
		980D9BDA1C7E23A400C30167 /* Asteroid.h */ = {isa = PBXFileReference; fileEncoding = 4; lastKnownFileType = sourcecode.c.h; path = Asteroid.h; sourceTree = "<group>"; };
		980D9BDB1C7E23A400C30167 /* AsteroidsGame.cpp */ = {isa = PBXFileReference; fileEncoding = 4; lastKnownFileType = sourcecode.cpp.cpp; path = AsteroidsGame.cpp; sourceTree = "<group>"; };
		980D9BDC1C7E23A400C30167 /* AsteroidsGame.h */ = {isa = PBXFileReference; fileEncoding = 4; lastKnownFileType = sourcecode.c.h; path = AsteroidsGame.h; sourceTree = "<group>"; };
		980D9BDD1C7E23A400C30167 /* Camera.cpp */ = {isa = PBXFileReference; fileEncoding = 4; lastKnownFileType = sourcecode.cpp.cpp; path = Camera.cpp; sourceTree = "<group>"; };
		980D9BDE1C7E23A400C30167 /* Camera.h */ = {isa = PBXFileReference; fileEncoding = 4; lastKnownFileType = sourcecode.c.h; path = Camera.h; sourceTree = "<group>"; };
		980D9BDF1C7E23A400C30167 /* Transform.cpp */ = {isa = PBXFileReference; fileEncoding = 4; lastKnownFileType = sourcecode.cpp.cpp; path = Transform.cpp; sourceTree = "<group>"; };
		980D9BE01C7E23A400C30167 /* Transform.h */ = {isa = PBXFileReference; fileEncoding = 4; lastKnownFileType = sourcecode.c.h; path = Transform.h; sourceTree = "<group>"; };
		980D9BE11C7E23A400C30167 /* WorldEntity.cpp */ = {isa = PBXFileReference; fileEncoding = 4; lastKnownFileType = sourcecode.cpp.cpp; path = WorldEntity.cpp; sourceTree = "<group>"; };
		980D9BE21C7E23A400C30167 /* WorldEntity.h */ = {isa = PBXFileReference; fileEncoding = 4; lastKnownFileType = sourcecode.c.h; path = WorldEntity.h; sourceTree = "<group>"; };
		980D9BEF1C7E254100C30167 /* Ship.cpp */ = {isa = PBXFileReference; fileEncoding = 4; lastKnownFileType = sourcecode.cpp.cpp; path = Ship.cpp; sourceTree = "<group>"; };
		980D9BF01C7E254100C30167 /* Ship.h */ = {isa = PBXFileReference; fileEncoding = 4; lastKnownFileType = sourcecode.c.h; path = Ship.h; sourceTree = "<group>"; };
		9831A2BB1C56A0A4005F2989 /* GameEngine */ = {isa = PBXFileReference; explicitFileType = "compiled.mach-o.executable"; includeInIndex = 0; path = GameEngine; sourceTree = BUILT_PRODUCTS_DIR; };
		9831A2BE1C56A0A4005F2989 /* main.cpp */ = {isa = PBXFileReference; lastKnownFileType = sourcecode.cpp.cpp; path = main.cpp; sourceTree = "<group>"; };
		9831A2C51C56A11A005F2989 /* OpenGL.framework */ = {isa = PBXFileReference; lastKnownFileType = wrapper.framework; name = OpenGL.framework; path = System/Library/Frameworks/OpenGL.framework; sourceTree = SDKROOT; };
		9831A2CB1C56A221005F2989 /* gl_core_4_3.hpp */ = {isa = PBXFileReference; fileEncoding = 4; lastKnownFileType = sourcecode.cpp.h; name = gl_core_4_3.hpp; path = GameEngine/ThirdParty/include/gl_core_4_3.hpp; sourceTree = SOURCE_ROOT; };
		9831A2CC1C56A221005F2989 /* glfw3.h */ = {isa = PBXFileReference; fileEncoding = 4; lastKnownFileType = sourcecode.c.h; name = glfw3.h; path = GameEngine/ThirdParty/include/glfw3.h; sourceTree = SOURCE_ROOT; };
		9831A2CD1C56A221005F2989 /* glfw3native.h */ = {isa = PBXFileReference; fileEncoding = 4; lastKnownFileType = sourcecode.c.h; name = glfw3native.h; path = GameEngine/ThirdParty/include/glfw3native.h; sourceTree = SOURCE_ROOT; };
		9831A2CF1C56A221005F2989 /* glfw3.dll */ = {isa = PBXFileReference; lastKnownFileType = file; path = glfw3.dll; sourceTree = "<group>"; };
		9831A2D01C56A221005F2989 /* glfw3.lib */ = {isa = PBXFileReference; lastKnownFileType = archive.ar; path = glfw3.lib; sourceTree = "<group>"; };
		9831A2D11C56A221005F2989 /* glfw3dll.lib */ = {isa = PBXFileReference; lastKnownFileType = archive.ar; path = glfw3dll.lib; sourceTree = "<group>"; };
		9831A2D31C56A221005F2989 /* etc1_utils.c */ = {isa = PBXFileReference; fileEncoding = 4; lastKnownFileType = sourcecode.c.c; path = etc1_utils.c; sourceTree = "<group>"; };
		9831A2D41C56A221005F2989 /* etc1_utils.h */ = {isa = PBXFileReference; fileEncoding = 4; lastKnownFileType = sourcecode.c.h; path = etc1_utils.h; sourceTree = "<group>"; };
		9831A2D51C56A221005F2989 /* image_DXT.c */ = {isa = PBXFileReference; fileEncoding = 4; lastKnownFileType = sourcecode.c.c; path = image_DXT.c; sourceTree = "<group>"; };
		9831A2D61C56A221005F2989 /* image_DXT.h */ = {isa = PBXFileReference; fileEncoding = 4; lastKnownFileType = sourcecode.c.h; path = image_DXT.h; sourceTree = "<group>"; };
		9831A2D71C56A221005F2989 /* image_helper.c */ = {isa = PBXFileReference; fileEncoding = 4; lastKnownFileType = sourcecode.c.c; path = image_helper.c; sourceTree = "<group>"; };
		9831A2D81C56A221005F2989 /* image_helper.h */ = {isa = PBXFileReference; fileEncoding = 4; lastKnownFileType = sourcecode.c.h; path = image_helper.h; sourceTree = "<group>"; };
		9831A2D91C56A221005F2989 /* pkm_helper.h */ = {isa = PBXFileReference; fileEncoding = 4; lastKnownFileType = sourcecode.c.h; path = pkm_helper.h; sourceTree = "<group>"; };
		9831A2DA1C56A221005F2989 /* pvr_helper.h */ = {isa = PBXFileReference; fileEncoding = 4; lastKnownFileType = sourcecode.c.h; path = pvr_helper.h; sourceTree = "<group>"; };
		9831A2DB1C56A221005F2989 /* SOIL2.c */ = {isa = PBXFileReference; fileEncoding = 4; lastKnownFileType = sourcecode.c.c; path = SOIL2.c; sourceTree = "<group>"; };
		9831A2DC1C56A221005F2989 /* SOIL2.h */ = {isa = PBXFileReference; fileEncoding = 4; lastKnownFileType = sourcecode.c.h; path = SOIL2.h; sourceTree = "<group>"; };
		9831A2DD1C56A221005F2989 /* stb_image.c */ = {isa = PBXFileReference; fileEncoding = 4; lastKnownFileType = sourcecode.c.c; path = stb_image.c; sourceTree = "<group>"; };
		9831A2DE1C56A221005F2989 /* stb_image.h */ = {isa = PBXFileReference; fileEncoding = 4; lastKnownFileType = sourcecode.c.h; path = stb_image.h; sourceTree = "<group>"; };
		9831A2DF1C56A221005F2989 /* stb_image_write.c */ = {isa = PBXFileReference; fileEncoding = 4; lastKnownFileType = sourcecode.c.c; path = stb_image_write.c; sourceTree = "<group>"; };
		9831A2E01C56A221005F2989 /* stb_image_write.h */ = {isa = PBXFileReference; fileEncoding = 4; lastKnownFileType = sourcecode.c.h; path = stb_image_write.h; sourceTree = "<group>"; };
		9831A2E11C56A221005F2989 /* stbi_DDS.h */ = {isa = PBXFileReference; fileEncoding = 4; lastKnownFileType = sourcecode.c.h; path = stbi_DDS.h; sourceTree = "<group>"; };
		9831A2E21C56A221005F2989 /* stbi_DDS_c.h */ = {isa = PBXFileReference; fileEncoding = 4; lastKnownFileType = sourcecode.c.h; path = stbi_DDS_c.h; sourceTree = "<group>"; };
		9831A2E31C56A221005F2989 /* stbi_ext.h */ = {isa = PBXFileReference; fileEncoding = 4; lastKnownFileType = sourcecode.c.h; path = stbi_ext.h; sourceTree = "<group>"; };
		9831A2E41C56A221005F2989 /* stbi_ext_c.h */ = {isa = PBXFileReference; fileEncoding = 4; lastKnownFileType = sourcecode.c.h; path = stbi_ext_c.h; sourceTree = "<group>"; };
		9831A2E51C56A221005F2989 /* stbi_pkm.h */ = {isa = PBXFileReference; fileEncoding = 4; lastKnownFileType = sourcecode.c.h; path = stbi_pkm.h; sourceTree = "<group>"; };
		9831A2E61C56A221005F2989 /* stbi_pkm_c.h */ = {isa = PBXFileReference; fileEncoding = 4; lastKnownFileType = sourcecode.c.h; path = stbi_pkm_c.h; sourceTree = "<group>"; };
		9831A2E71C56A221005F2989 /* stbi_pvr.h */ = {isa = PBXFileReference; fileEncoding = 4; lastKnownFileType = sourcecode.c.h; path = stbi_pvr.h; sourceTree = "<group>"; };
		9831A2E81C56A221005F2989 /* stbi_pvr_c.h */ = {isa = PBXFileReference; fileEncoding = 4; lastKnownFileType = sourcecode.c.h; path = stbi_pvr_c.h; sourceTree = "<group>"; };
		9831A2EA1C56A221005F2989 /* gl_core_4_3.cpp */ = {isa = PBXFileReference; fileEncoding = 4; lastKnownFileType = sourcecode.cpp.cpp; path = gl_core_4_3.cpp; sourceTree = "<group>"; };
		9850A77A2059C4BD00E019A1 /* lit.frag.glsl */ = {isa = PBXFileReference; fileEncoding = 4; lastKnownFileType = text; name = lit.frag.glsl; path = GameEngine/lit.frag.glsl; sourceTree = SOURCE_ROOT; };
		9850A77B2059C4BD00E019A1 /* ship.geom.glsl */ = {isa = PBXFileReference; fileEncoding = 4; lastKnownFileType = text; name = ship.geom.glsl; path = GameEngine/ship.geom.glsl; sourceTree = SOURCE_ROOT; };
		9850A77C2059C4BD00E019A1 /* tessellation.frag.glsl */ = {isa = PBXFileReference; fileEncoding = 4; lastKnownFileType = text; name = tessellation.frag.glsl; path = GameEngine/tessellation.frag.glsl; sourceTree = SOURCE_ROOT; };
		9850A77D2059C4BD00E019A1 /* demo.vert.glsl */ = {isa = PBXFileReference; fileEncoding = 4; lastKnownFileType = text; name = demo.vert.glsl; path = GameEngine/demo.vert.glsl; sourceTree = SOURCE_ROOT; };
		9850A77E2059C4BD00E019A1 /* asteroid.geom.glsl */ = {isa = PBXFileReference; fileEncoding = 4; lastKnownFileType = text; name = asteroid.geom.glsl; path = GameEngine/asteroid.geom.glsl; sourceTree = SOURCE_ROOT; };
		9850A77F2059C4BD00E019A1 /* Asteroids.mdj */ = {isa = PBXFileReference; fileEncoding = 4; lastKnownFileType = text; name = Asteroids.mdj; path = GameEngine/Asteroids.mdj; sourceTree = SOURCE_ROOT; };
		9850A7802059C4BD00E019A1 /* lit.vert.glsl */ = {isa = PBXFileReference; fileEncoding = 4; lastKnownFileType = text; name = lit.vert.glsl; path = GameEngine/lit.vert.glsl; sourceTree = SOURCE_ROOT; };
		9850A7812059C4BD00E019A1 /* primitive.frag.glsl */ = {isa = PBXFileReference; fileEncoding = 4; lastKnownFileType = text; name = primitive.frag.glsl; path = GameEngine/primitive.frag.glsl; sourceTree = SOURCE_ROOT; };
		9850A7822059C4BD00E019A1 /* text.vert.glsl */ = {isa = PBXFileReference; fileEncoding = 4; lastKnownFileType = text; name = text.vert.glsl; path = GameEngine/text.vert.glsl; sourceTree = SOURCE_ROOT; };
		9850A7832059C4BD00E019A1 /* lighting.glsl */ = {isa = PBXFileReference; fileEncoding = 4; lastKnownFileType = text; name = lighting.glsl; path = GameEngine/lighting.glsl; sourceTree = SOURCE_ROOT; };
		9850A7842059C4BD00E019A1 /* ship.frag.glsl */ = {isa = PBXFileReference; fileEncoding = 4; lastKnownFileType = text; name = ship.frag.glsl; path = GameEngine/ship.frag.glsl; sourceTree = SOURCE_ROOT; };
		9850A7852059C4BD00E019A1 /* matrix.frag.glsl */ = {isa = PBXFileReference; fileEncoding = 4; lastKnownFileType = text; name = matrix.frag.glsl; path = GameEngine/matrix.frag.glsl; sourceTree = SOURCE_ROOT; };
		9850A7862059C4BE00E019A1 /* tessellation.vert.glsl */ = {isa = PBXFileReference; fileEncoding = 4; lastKnownFileType = text; name = tessellation.vert.glsl; path = GameEngine/tessellation.vert.glsl; sourceTree = SOURCE_ROOT; };
		9850A7872059C4BE00E019A1 /* demo.geom.glsl */ = {isa = PBXFileReference; fileEncoding = 4; lastKnownFileType = text; name = demo.geom.glsl; path = GameEngine/demo.geom.glsl; sourceTree = SOURCE_ROOT; };
		9850A7882059C4BE00E019A1 /* edgeDetection.frag.glsl */ = {isa = PBXFileReference; fileEncoding = 4; lastKnownFileType = text; name = edgeDetection.frag.glsl; path = GameEngine/edgeDetection.frag.glsl; sourceTree = SOURCE_ROOT; };
		9850A7892059C4BE00E019A1 /* ship.vert.glsl */ = {isa = PBXFileReference; fileEncoding = 4; lastKnownFileType = text; name = ship.vert.glsl; path = GameEngine/ship.vert.glsl; sourceTree = SOURCE_ROOT; };
		9850A78A2059C4BE00E019A1 /* textured.frag.glsl */ = {isa = PBXFileReference; fileEncoding = 4; lastKnownFileType = text; name = textured.frag.glsl; path = GameEngine/textured.frag.glsl; sourceTree = SOURCE_ROOT; };
		9850A78B2059C4BE00E019A1 /* primitive.vert.glsl */ = {isa = PBXFileReference; fileEncoding = 4; lastKnownFileType = text; name = primitive.vert.glsl; path = GameEngine/primitive.vert.glsl; sourceTree = SOURCE_ROOT; };
		9850A78C2059C4BE00E019A1 /* particle.frag.glsl */ = {isa = PBXFileReference; fileEncoding = 4; lastKnownFileType = text; name = particle.frag.glsl; path = GameEngine/particle.frag.glsl; sourceTree = SOURCE_ROOT; };
		9850A78D2059C4BE00E019A1 /* common.glsl */ = {isa = PBXFileReference; fileEncoding = 4; lastKnownFileType = text; name = common.glsl; path = GameEngine/common.glsl; sourceTree = SOURCE_ROOT; };
		9850A78E2059C4BE00E019A1 /* asteroid.frag.glsl */ = {isa = PBXFileReference; fileEncoding = 4; lastKnownFileType = text; name = asteroid.frag.glsl; path = GameEngine/asteroid.frag.glsl; sourceTree = SOURCE_ROOT; };
		9850A78F2059C4BE00E019A1 /* demo.frag.glsl */ = {isa = PBXFileReference; fileEncoding = 4; lastKnownFileType = text; name = demo.frag.glsl; path = GameEngine/demo.frag.glsl; sourceTree = SOURCE_ROOT; };
		9850A7902059C4BE00E019A1 /* draw.vert.glsl */ = {isa = PBXFileReference; fileEncoding = 4; lastKnownFileType = text; name = draw.vert.glsl; path = GameEngine/draw.vert.glsl; sourceTree = SOURCE_ROOT; };
		9850A7912059C4BE00E019A1 /* particle.vert.glsl */ = {isa = PBXFileReference; fileEncoding = 4; lastKnownFileType = text; name = particle.vert.glsl; path = GameEngine/particle.vert.glsl; sourceTree = SOURCE_ROOT; };
		9850A7922059C4BE00E019A1 /* edgeDetection.vert.glsl */ = {isa = PBXFileReference; fileEncoding = 4; lastKnownFileType = text; name = edgeDetection.vert.glsl; path = GameEngine/edgeDetection.vert.glsl; sourceTree = SOURCE_ROOT; };
		9850A7932059C4BE00E019A1 /* simple.vert.glsl */ = {isa = PBXFileReference; fileEncoding = 4; lastKnownFileType = text; name = simple.vert.glsl; path = GameEngine/simple.vert.glsl; sourceTree = SOURCE_ROOT; };
		9850A7942059C4BE00E019A1 /* draw.geom.glsl */ = {isa = PBXFileReference; fileEncoding = 4; lastKnownFileType = text; name = draw.geom.glsl; path = GameEngine/draw.geom.glsl; sourceTree = SOURCE_ROOT; };
		9850A7952059C4BE00E019A1 /* draw.frag.glsl */ = {isa = PBXFileReference; fileEncoding = 4; lastKnownFileType = text; name = draw.frag.glsl; path = GameEngine/draw.frag.glsl; sourceTree = SOURCE_ROOT; };
		9850A7962059C4BE00E019A1 /* simpleLight.vert.glsl */ = {isa = PBXFileReference; fileEncoding = 4; lastKnownFileType = text; name = simpleLight.vert.glsl; path = GameEngine/simpleLight.vert.glsl; sourceTree = SOURCE_ROOT; };
		9850A7972059C4BE00E019A1 /* text.geom.glsl */ = {isa = PBXFileReference; fileEncoding = 4; lastKnownFileType = text; name = text.geom.glsl; path = GameEngine/text.geom.glsl; sourceTree = SOURCE_ROOT; };
		9850A7982059C4BE00E019A1 /* asteroid.vert.glsl */ = {isa = PBXFileReference; fileEncoding = 4; lastKnownFileType = text; name = asteroid.vert.glsl; path = GameEngine/asteroid.vert.glsl; sourceTree = SOURCE_ROOT; };
		9850A7992059C4BE00E019A1 /* matrix.vert.glsl */ = {isa = PBXFileReference; fileEncoding = 4; lastKnownFileType = text; name = matrix.vert.glsl; path = GameEngine/matrix.vert.glsl; sourceTree = SOURCE_ROOT; };
		9850A79A2059C4BE00E019A1 /* simple.frag.glsl */ = {isa = PBXFileReference; fileEncoding = 4; lastKnownFileType = text; name = simple.frag.glsl; path = GameEngine/simple.frag.glsl; sourceTree = SOURCE_ROOT; };
		9850A79B2059C4BE00E019A1 /* simpleLight.frag.glsl */ = {isa = PBXFileReference; fileEncoding = 4; lastKnownFileType = text; name = simpleLight.frag.glsl; path = GameEngine/simpleLight.frag.glsl; sourceTree = SOURCE_ROOT; };
		9850A79C2059C4BE00E019A1 /* tessellation.geom.glsl */ = {isa = PBXFileReference; fileEncoding = 4; lastKnownFileType = text; name = tessellation.geom.glsl; path = GameEngine/tessellation.geom.glsl; sourceTree = SOURCE_ROOT; };
		9850A79D2059C4BE00E019A1 /* text.frag.glsl */ = {isa = PBXFileReference; fileEncoding = 4; lastKnownFileType = text; name = text.frag.glsl; path = GameEngine/text.frag.glsl; sourceTree = SOURCE_ROOT; };
		9850A79E2059CB3D00E019A1 /* textured.vert.glsl */ = {isa = PBXFileReference; fileEncoding = 4; lastKnownFileType = text; name = textured.vert.glsl; path = GameEngine/textured.vert.glsl; sourceTree = SOURCE_ROOT; };
		9858A4041C91FE1A003832B8 /* Bounds.h */ = {isa = PBXFileReference; fileEncoding = 4; lastKnownFileType = sourcecode.c.h; path = Bounds.h; sourceTree = "<group>"; };
		98A62D3A20587D76003F5AD3 /* libglfw.3.3.dylib */ = {isa = PBXFileReference; lastKnownFileType = "compiled.mach-o.dylib"; name = libglfw.3.3.dylib; path = ../../../../../../usr/local/lib/libglfw.3.3.dylib; sourceTree = "<group>"; };
		98BD50CF1C6BAA0E004A88C1 /* Vectors.cpp */ = {isa = PBXFileReference; fileEncoding = 4; lastKnownFileType = sourcecode.cpp.cpp; path = Vectors.cpp; sourceTree = "<group>"; };
		98BD50D01C6BAA0E004A88C1 /* Vectors.h */ = {isa = PBXFileReference; fileEncoding = 4; lastKnownFileType = sourcecode.c.h; path = Vectors.h; sourceTree = "<group>"; };
		98BD50D31C6BAB0A004A88C1 /* Matrix.cpp */ = {isa = PBXFileReference; fileEncoding = 4; lastKnownFileType = sourcecode.cpp.cpp; path = Matrix.cpp; sourceTree = "<group>"; };
		98BD50D41C6BAB0A004A88C1 /* Matrix.h */ = {isa = PBXFileReference; fileEncoding = 4; lastKnownFileType = sourcecode.c.h; path = Matrix.h; sourceTree = "<group>"; };
		98D27A9320587410007C5D13 /* Explodable.cpp */ = {isa = PBXFileReference; fileEncoding = 4; lastKnownFileType = sourcecode.cpp.cpp; path = Explodable.cpp; sourceTree = "<group>"; };
		98D27A9420587410007C5D13 /* Explodable.h */ = {isa = PBXFileReference; fileEncoding = 4; lastKnownFileType = sourcecode.c.h; path = Explodable.h; sourceTree = "<group>"; };
		98D27A9720587466007C5D13 /* Light.cpp */ = {isa = PBXFileReference; fileEncoding = 4; lastKnownFileType = sourcecode.cpp.cpp; path = Light.cpp; sourceTree = "<group>"; };
		98D27A9820587467007C5D13 /* Vertex.h */ = {isa = PBXFileReference; fileEncoding = 4; lastKnownFileType = sourcecode.c.h; path = Vertex.h; sourceTree = "<group>"; };
		98D27A9920587467007C5D13 /* ModelStore.h */ = {isa = PBXFileReference; fileEncoding = 4; lastKnownFileType = sourcecode.c.h; path = ModelStore.h; sourceTree = "<group>"; };
		98D27A9A20587467007C5D13 /* StateMachine.cpp */ = {isa = PBXFileReference; fileEncoding = 4; lastKnownFileType = sourcecode.cpp.cpp; path = StateMachine.cpp; sourceTree = "<group>"; };
		98D27A9B20587467007C5D13 /* Draw.h */ = {isa = PBXFileReference; fileEncoding = 4; lastKnownFileType = sourcecode.c.h; path = Draw.h; sourceTree = "<group>"; };
		98D27A9C20587467007C5D13 /* InputSystem.h */ = {isa = PBXFileReference; fileEncoding = 4; lastKnownFileType = sourcecode.c.h; path = InputSystem.h; sourceTree = "<group>"; };
		98D27A9D20587467007C5D13 /* GameEnvironment.h */ = {isa = PBXFileReference; fileEncoding = 4; lastKnownFileType = sourcecode.c.h; path = GameEnvironment.h; sourceTree = "<group>"; };
		98D27A9E20587467007C5D13 /* GameState.h */ = {isa = PBXFileReference; fileEncoding = 4; lastKnownFileType = sourcecode.c.h; path = GameState.h; sourceTree = "<group>"; };
		98D27A9F20587468007C5D13 /* ShaderProcessor.h */ = {isa = PBXFileReference; fileEncoding = 4; lastKnownFileType = sourcecode.c.h; path = ShaderProcessor.h; sourceTree = "<group>"; };
		98D27AA020587468007C5D13 /* SimplexNoise.h */ = {isa = PBXFileReference; fileEncoding = 4; lastKnownFileType = sourcecode.c.h; path = SimplexNoise.h; sourceTree = "<group>"; };
		98D27AA120587468007C5D13 /* Primitive.cpp */ = {isa = PBXFileReference; fileEncoding = 4; lastKnownFileType = sourcecode.cpp.cpp; path = Primitive.cpp; sourceTree = "<group>"; };
		98D27AA220587468007C5D13 /* Scoreboard.cpp */ = {isa = PBXFileReference; fileEncoding = 4; lastKnownFileType = sourcecode.cpp.cpp; path = Scoreboard.cpp; sourceTree = "<group>"; };
		98D27AA320587468007C5D13 /* Scoreboard.h */ = {isa = PBXFileReference; fileEncoding = 4; lastKnownFileType = sourcecode.c.h; path = Scoreboard.h; sourceTree = "<group>"; };
		98D27AA420587468007C5D13 /* Identity.cpp */ = {isa = PBXFileReference; fileEncoding = 4; lastKnownFileType = sourcecode.cpp.cpp; path = Identity.cpp; sourceTree = "<group>"; };
		98D27AA520587468007C5D13 /* PerlinNoise.cpp */ = {isa = PBXFileReference; fileEncoding = 4; lastKnownFileType = sourcecode.cpp.cpp; path = PerlinNoise.cpp; sourceTree = "<group>"; };
		98D27AA620587469007C5D13 /* GameEnvironment.cpp */ = {isa = PBXFileReference; fileEncoding = 4; lastKnownFileType = sourcecode.cpp.cpp; path = GameEnvironment.cpp; sourceTree = "<group>"; };
		98D27AA720587469007C5D13 /* StateMachine.h */ = {isa = PBXFileReference; fileEncoding = 4; lastKnownFileType = sourcecode.c.h; path = StateMachine.h; sourceTree = "<group>"; };
		98D27AA820587469007C5D13 /* UniformCollection.cpp */ = {isa = PBXFileReference; fileEncoding = 4; lastKnownFileType = sourcecode.cpp.cpp; path = UniformCollection.cpp; sourceTree = "<group>"; };
		98D27AA920587469007C5D13 /* Sprite.h */ = {isa = PBXFileReference; fileEncoding = 4; lastKnownFileType = sourcecode.c.h; path = Sprite.h; sourceTree = "<group>"; };
		98D27AAA20587469007C5D13 /* Light.h */ = {isa = PBXFileReference; fileEncoding = 4; lastKnownFileType = sourcecode.c.h; path = Light.h; sourceTree = "<group>"; };
		98D27AAB20587469007C5D13 /* Shader.h */ = {isa = PBXFileReference; fileEncoding = 4; lastKnownFileType = sourcecode.c.h; path = Shader.h; sourceTree = "<group>"; };
		98D27AAC20587469007C5D13 /* SimplexNoise.cpp */ = {isa = PBXFileReference; fileEncoding = 4; lastKnownFileType = sourcecode.cpp.cpp; path = SimplexNoise.cpp; sourceTree = "<group>"; };
		98D27AAD20587469007C5D13 /* Text.cpp */ = {isa = PBXFileReference; fileEncoding = 4; lastKnownFileType = sourcecode.cpp.cpp; path = Text.cpp; sourceTree = "<group>"; };
		98D27AAE2058746A007C5D13 /* Hud.h */ = {isa = PBXFileReference; fileEncoding = 4; lastKnownFileType = sourcecode.c.h; path = Hud.h; sourceTree = "<group>"; };
		98D27AAF2058746A007C5D13 /* Missile.h */ = {isa = PBXFileReference; fileEncoding = 4; lastKnownFileType = sourcecode.c.h; path = Missile.h; sourceTree = "<group>"; };
		98D27AB02058746A007C5D13 /* UniformCollection.h */ = {isa = PBXFileReference; fileEncoding = 4; lastKnownFileType = sourcecode.c.h; path = UniformCollection.h; sourceTree = "<group>"; };
		98D27AB12058746A007C5D13 /* Drawable.cpp */ = {isa = PBXFileReference; fileEncoding = 4; lastKnownFileType = sourcecode.cpp.cpp; path = Drawable.cpp; sourceTree = "<group>"; };
		98D27AB22058746A007C5D13 /* Primitive.h */ = {isa = PBXFileReference; fileEncoding = 4; lastKnownFileType = sourcecode.c.h; path = Primitive.h; sourceTree = "<group>"; };
		98D27AB32058746A007C5D13 /* Text.h */ = {isa = PBXFileReference; fileEncoding = 4; lastKnownFileType = sourcecode.c.h; path = Text.h; sourceTree = "<group>"; };
		98D27AB42058746A007C5D13 /* ShaderProcessor.cpp */ = {isa = PBXFileReference; fileEncoding = 4; lastKnownFileType = sourcecode.cpp.cpp; path = ShaderProcessor.cpp; sourceTree = "<group>"; };
		98D27AB52058746A007C5D13 /* Draw.cpp */ = {isa = PBXFileReference; fileEncoding = 4; lastKnownFileType = sourcecode.cpp.cpp; path = Draw.cpp; sourceTree = "<group>"; };
		98D27AB62058746B007C5D13 /* GameState.cpp */ = {isa = PBXFileReference; fileEncoding = 4; lastKnownFileType = sourcecode.cpp.cpp; path = GameState.cpp; sourceTree = "<group>"; };
		98D27AB72058746B007C5D13 /* PerlinNoise.h */ = {isa = PBXFileReference; fileEncoding = 4; lastKnownFileType = sourcecode.c.h; path = PerlinNoise.h; sourceTree = "<group>"; };
		98D27AB82058746B007C5D13 /* Preprocessor.cpp */ = {isa = PBXFileReference; fileEncoding = 4; lastKnownFileType = sourcecode.cpp.cpp; path = Preprocessor.cpp; sourceTree = "<group>"; };
		98D27AB92058746B007C5D13 /* Preprocessor.h */ = {isa = PBXFileReference; fileEncoding = 4; lastKnownFileType = sourcecode.c.h; path = Preprocessor.h; sourceTree = "<group>"; };
		98D27ABA2058746B007C5D13 /* Shader.cpp */ = {isa = PBXFileReference; fileEncoding = 4; lastKnownFileType = sourcecode.cpp.cpp; path = Shader.cpp; sourceTree = "<group>"; };
		98D27ABB2058746B007C5D13 /* Hud.cpp */ = {isa = PBXFileReference; fileEncoding = 4; lastKnownFileType = sourcecode.cpp.cpp; path = Hud.cpp; sourceTree = "<group>"; };
		98D27ABC2058746B007C5D13 /* Sprite.cpp */ = {isa = PBXFileReference; fileEncoding = 4; lastKnownFileType = sourcecode.cpp.cpp; path = Sprite.cpp; sourceTree = "<group>"; };
		98D27ABD2058746B007C5D13 /* Missile.cpp */ = {isa = PBXFileReference; fileEncoding = 4; lastKnownFileType = sourcecode.cpp.cpp; path = Missile.cpp; sourceTree = "<group>"; };
		98D27ABE2058746C007C5D13 /* Identity.h */ = {isa = PBXFileReference; fileEncoding = 4; lastKnownFileType = sourcecode.c.h; path = Identity.h; sourceTree = "<group>"; };
		98D27ABF2058746C007C5D13 /* InputSystem.cpp */ = {isa = PBXFileReference; fileEncoding = 4; lastKnownFileType = sourcecode.cpp.cpp; path = InputSystem.cpp; sourceTree = "<group>"; };
		98D27AC02058746C007C5D13 /* Drawable.h */ = {isa = PBXFileReference; fileEncoding = 4; lastKnownFileType = sourcecode.c.h; path = Drawable.h; sourceTree = "<group>"; };
		98D48EE81C624E0F00C3A36B /* Resource.cpp */ = {isa = PBXFileReference; fileEncoding = 4; lastKnownFileType = sourcecode.cpp.cpp; path = Resource.cpp; sourceTree = "<group>"; };
		98D48EE91C624E0F00C3A36B /* Resource.h */ = {isa = PBXFileReference; fileEncoding = 4; lastKnownFileType = sourcecode.c.h; path = Resource.h; sourceTree = "<group>"; };
		98D48EEE1C62716800C3A36B /* Material.cpp */ = {isa = PBXFileReference; fileEncoding = 4; lastKnownFileType = sourcecode.cpp.cpp; path = Material.cpp; sourceTree = "<group>"; };
		98D48EEF1C62716800C3A36B /* Material.h */ = {isa = PBXFileReference; fileEncoding = 4; lastKnownFileType = sourcecode.c.h; path = Material.h; sourceTree = "<group>"; };
		98DEDA5C1C7F9F11005776DB /* InputHandler.cpp */ = {isa = PBXFileReference; fileEncoding = 4; lastKnownFileType = sourcecode.cpp.cpp; path = InputHandler.cpp; sourceTree = "<group>"; };
		98DEDA5D1C7F9F11005776DB /* InputHandler.h */ = {isa = PBXFileReference; fileEncoding = 4; lastKnownFileType = sourcecode.c.h; path = InputHandler.h; sourceTree = "<group>"; };
		98F03C211C5FA3A2008EEF9B /* Game.cpp */ = {isa = PBXFileReference; fileEncoding = 4; lastKnownFileType = sourcecode.cpp.cpp; path = Game.cpp; sourceTree = "<group>"; };
		98F03C221C5FA3A2008EEF9B /* Game.h */ = {isa = PBXFileReference; fileEncoding = 4; lastKnownFileType = sourcecode.c.h; path = Game.h; sourceTree = "<group>"; };
		98F03C241C5FCAF3008EEF9B /* GameObject.cpp */ = {isa = PBXFileReference; fileEncoding = 4; lastKnownFileType = sourcecode.cpp.cpp; path = GameObject.cpp; sourceTree = "<group>"; };
		98F03C251C5FCAF3008EEF9B /* GameObject.h */ = {isa = PBXFileReference; fileEncoding = 4; lastKnownFileType = sourcecode.c.h; path = GameObject.h; sourceTree = "<group>"; };
		98F03C2A1C5FCBB4008EEF9B /* GameTime.cpp */ = {isa = PBXFileReference; fileEncoding = 4; lastKnownFileType = sourcecode.cpp.cpp; path = GameTime.cpp; sourceTree = "<group>"; };
		98F03C2B1C5FCBB4008EEF9B /* GameTime.h */ = {isa = PBXFileReference; fileEncoding = 4; lastKnownFileType = sourcecode.c.h; path = GameTime.h; sourceTree = "<group>"; };
		98F03C2D1C5FCBF6008EEF9B /* Log.cpp */ = {isa = PBXFileReference; fileEncoding = 4; lastKnownFileType = sourcecode.cpp.cpp; path = Log.cpp; sourceTree = "<group>"; };
		98F03C2E1C5FCBF6008EEF9B /* Log.h */ = {isa = PBXFileReference; fileEncoding = 4; lastKnownFileType = sourcecode.c.h; path = Log.h; sourceTree = "<group>"; };
		98F03C301C5FCC3D008EEF9B /* Common.h */ = {isa = PBXFileReference; fileEncoding = 4; lastKnownFileType = sourcecode.c.h; path = Common.h; sourceTree = "<group>"; };
		98F03C311C5FCC77008EEF9B /* glError.cpp */ = {isa = PBXFileReference; fileEncoding = 4; lastKnownFileType = sourcecode.cpp.cpp; path = glError.cpp; sourceTree = "<group>"; };
		98F03C321C5FCC77008EEF9B /* glError.h */ = {isa = PBXFileReference; fileEncoding = 4; lastKnownFileType = sourcecode.c.h; path = glError.h; sourceTree = "<group>"; };
		98F03C341C5FDD5D008EEF9B /* Files.cpp */ = {isa = PBXFileReference; fileEncoding = 4; lastKnownFileType = sourcecode.cpp.cpp; path = Files.cpp; sourceTree = "<group>"; };
		98F03C351C5FDD5D008EEF9B /* Files.h */ = {isa = PBXFileReference; fileEncoding = 4; lastKnownFileType = sourcecode.c.h; path = Files.h; sourceTree = "<group>"; };
		98F03C411C5FDEBB008EEF9B /* Enums.h */ = {isa = PBXFileReference; lastKnownFileType = sourcecode.c.h; path = Enums.h; sourceTree = "<group>"; };
		98F4ADB01C60087700D98467 /* Mesh.cpp */ = {isa = PBXFileReference; fileEncoding = 4; lastKnownFileType = sourcecode.cpp.cpp; path = Mesh.cpp; sourceTree = "<group>"; };
		98F4ADB11C60087700D98467 /* Mesh.h */ = {isa = PBXFileReference; fileEncoding = 4; lastKnownFileType = sourcecode.c.h; path = Mesh.h; sourceTree = "<group>"; };
		A6BE867B1C6B96F900B62F67 /* GameEngine10_11 */ = {isa = PBXFileReference; explicitFileType = "compiled.mach-o.executable"; includeInIndex = 0; path = GameEngine10_11; sourceTree = BUILT_PRODUCTS_DIR; };
/* End PBXFileReference section */

/* Begin PBXFrameworksBuildPhase section */
		9831A2B81C56A0A4005F2989 /* Frameworks */ = {
			isa = PBXFrameworksBuildPhase;
			buildActionMask = 2147483647;
			files = (
				98A62D3C20587DCA003F5AD3 /* libglfw.3.3.dylib in Frameworks */,
				9831A2C61C56A11A005F2989 /* OpenGL.framework in Frameworks */,
			);
			runOnlyForDeploymentPostprocessing = 0;
		};
		A6BE86751C6B96F900B62F67 /* Frameworks */ = {
			isa = PBXFrameworksBuildPhase;
			buildActionMask = 2147483647;
			files = (
				A6BE86761C6B96F900B62F67 /* OpenGL.framework in Frameworks */,
			);
			runOnlyForDeploymentPostprocessing = 0;
		};
/* End PBXFrameworksBuildPhase section */

/* Begin PBXGroup section */
		9831A2B21C56A0A4005F2989 = {
			isa = PBXGroup;
			children = (
				98D27A8F205872BD007C5D13 /* Frameworks */,
				9831A2BD1C56A0A4005F2989 /* GameEngine */,
				9831A2C51C56A11A005F2989 /* OpenGL.framework */,
				9831A2BC1C56A0A4005F2989 /* Products */,
				98F03C371C5FDDB8008EEF9B /* Shaders */,
				9831A2C91C56A221005F2989 /* ThirdParty */,
			);
			sourceTree = "<group>";
		};
		9831A2BC1C56A0A4005F2989 /* Products */ = {
			isa = PBXGroup;
			children = (
				9831A2BB1C56A0A4005F2989 /* GameEngine */,
				A6BE867B1C6B96F900B62F67 /* GameEngine10_11 */,
			);
			name = Products;
			sourceTree = "<group>";
		};
		9831A2BD1C56A0A4005F2989 /* GameEngine */ = {
			isa = PBXGroup;
			children = (
				98F4ADAF1C60084E00D98467 /* Engine */,
			);
			path = GameEngine;
			sourceTree = "<group>";
		};
		9831A2C91C56A221005F2989 /* ThirdParty */ = {
			isa = PBXGroup;
			children = (
				9831A2CA1C56A221005F2989 /* include */,
				9831A2CE1C56A221005F2989 /* lib */,
				9831A2D21C56A221005F2989 /* soil */,
				9831A2E91C56A221005F2989 /* src */,
			);
			name = ThirdParty;
			path = GameEngine/ThirdParty;
			sourceTree = "<group>";
		};
		9831A2CA1C56A221005F2989 /* include */ = {
			isa = PBXGroup;
			children = (
				9831A2CB1C56A221005F2989 /* gl_core_4_3.hpp */,
				9831A2CC1C56A221005F2989 /* glfw3.h */,
				9831A2CD1C56A221005F2989 /* glfw3native.h */,
			);
			name = include;
			path = ../../../../../personal/cpp/smu/GameEngine/GameEngine/ThirdParty/include;
			sourceTree = "<group>";
		};
		9831A2CE1C56A221005F2989 /* lib */ = {
			isa = PBXGroup;
			children = (
				9831A2CF1C56A221005F2989 /* glfw3.dll */,
				9831A2D01C56A221005F2989 /* glfw3.lib */,
				9831A2D11C56A221005F2989 /* glfw3dll.lib */,
			);
			path = lib;
			sourceTree = "<group>";
		};
		9831A2D21C56A221005F2989 /* soil */ = {
			isa = PBXGroup;
			children = (
				9831A2D31C56A221005F2989 /* etc1_utils.c */,
				9831A2D41C56A221005F2989 /* etc1_utils.h */,
				9831A2D51C56A221005F2989 /* image_DXT.c */,
				9831A2D61C56A221005F2989 /* image_DXT.h */,
				9831A2D71C56A221005F2989 /* image_helper.c */,
				9831A2D81C56A221005F2989 /* image_helper.h */,
				9831A2D91C56A221005F2989 /* pkm_helper.h */,
				9831A2DA1C56A221005F2989 /* pvr_helper.h */,
				9831A2DB1C56A221005F2989 /* SOIL2.c */,
				9831A2DC1C56A221005F2989 /* SOIL2.h */,
				9831A2DD1C56A221005F2989 /* stb_image.c */,
				9831A2DE1C56A221005F2989 /* stb_image.h */,
				9831A2DF1C56A221005F2989 /* stb_image_write.c */,
				9831A2E01C56A221005F2989 /* stb_image_write.h */,
				9831A2E11C56A221005F2989 /* stbi_DDS.h */,
				9831A2E21C56A221005F2989 /* stbi_DDS_c.h */,
				9831A2E31C56A221005F2989 /* stbi_ext.h */,
				9831A2E41C56A221005F2989 /* stbi_ext_c.h */,
				9831A2E51C56A221005F2989 /* stbi_pkm.h */,
				9831A2E61C56A221005F2989 /* stbi_pkm_c.h */,
				9831A2E71C56A221005F2989 /* stbi_pvr.h */,
				9831A2E81C56A221005F2989 /* stbi_pvr_c.h */,
			);
			path = soil;
			sourceTree = "<group>";
		};
		9831A2E91C56A221005F2989 /* src */ = {
			isa = PBXGroup;
			children = (
				9831A2EA1C56A221005F2989 /* gl_core_4_3.cpp */,
			);
			path = src;
			sourceTree = "<group>";
		};
		98D27A8F205872BD007C5D13 /* Frameworks */ = {
			isa = PBXGroup;
			children = (
				98A62D3A20587D76003F5AD3 /* libglfw.3.3.dylib */,
			);
			name = Frameworks;
			sourceTree = "<group>";
		};
		98F03C371C5FDDB8008EEF9B /* Shaders */ = {
			isa = PBXGroup;
			children = (
				9850A78E2059C4BE00E019A1 /* asteroid.frag.glsl */,
				9850A77E2059C4BD00E019A1 /* asteroid.geom.glsl */,
				9850A7982059C4BE00E019A1 /* asteroid.vert.glsl */,
				9850A77F2059C4BD00E019A1 /* Asteroids.mdj */,
				9850A78D2059C4BE00E019A1 /* common.glsl */,
				9850A78F2059C4BE00E019A1 /* demo.frag.glsl */,
				9850A7872059C4BE00E019A1 /* demo.geom.glsl */,
				9850A77D2059C4BD00E019A1 /* demo.vert.glsl */,
				9850A7952059C4BE00E019A1 /* draw.frag.glsl */,
				9850A7942059C4BE00E019A1 /* draw.geom.glsl */,
				9850A7902059C4BE00E019A1 /* draw.vert.glsl */,
				9850A7882059C4BE00E019A1 /* edgeDetection.frag.glsl */,
				9850A7922059C4BE00E019A1 /* edgeDetection.vert.glsl */,
				9850A7832059C4BD00E019A1 /* lighting.glsl */,
				9850A77A2059C4BD00E019A1 /* lit.frag.glsl */,
				9850A7802059C4BD00E019A1 /* lit.vert.glsl */,
				9850A7852059C4BD00E019A1 /* matrix.frag.glsl */,
				9850A7992059C4BE00E019A1 /* matrix.vert.glsl */,
				9850A78C2059C4BE00E019A1 /* particle.frag.glsl */,
				9850A7912059C4BE00E019A1 /* particle.vert.glsl */,
				9850A7812059C4BD00E019A1 /* primitive.frag.glsl */,
				9850A78B2059C4BE00E019A1 /* primitive.vert.glsl */,
				9850A7842059C4BD00E019A1 /* ship.frag.glsl */,
				9850A77B2059C4BD00E019A1 /* ship.geom.glsl */,
				9850A7892059C4BE00E019A1 /* ship.vert.glsl */,
				9850A79A2059C4BE00E019A1 /* simple.frag.glsl */,
				9850A7932059C4BE00E019A1 /* simple.vert.glsl */,
				9850A79B2059C4BE00E019A1 /* simpleLight.frag.glsl */,
				9850A7962059C4BE00E019A1 /* simpleLight.vert.glsl */,
				9850A77C2059C4BD00E019A1 /* tessellation.frag.glsl */,
				9850A79C2059C4BE00E019A1 /* tessellation.geom.glsl */,
				9850A7862059C4BE00E019A1 /* tessellation.vert.glsl */,
				9850A79D2059C4BE00E019A1 /* text.frag.glsl */,
				9850A7972059C4BE00E019A1 /* text.geom.glsl */,
				9850A7822059C4BD00E019A1 /* text.vert.glsl */,
				9850A78A2059C4BE00E019A1 /* textured.frag.glsl */,
				9850A79E2059CB3D00E019A1 /* textured.vert.glsl */,
			);
			name = Shaders;
			path = GameEngine/Shaders;
			sourceTree = SOURCE_ROOT;
		};
		98F4ADAF1C60084E00D98467 /* Engine */ = {
			isa = PBXGroup;
			children = (
				980D9BD91C7E23A400C30167 /* Asteroid.cpp */,
				980D9BDA1C7E23A400C30167 /* Asteroid.h */,
				980D9BDB1C7E23A400C30167 /* AsteroidsGame.cpp */,
				980D9BDC1C7E23A400C30167 /* AsteroidsGame.h */,
				9858A4041C91FE1A003832B8 /* Bounds.h */,
				980D9BDD1C7E23A400C30167 /* Camera.cpp */,
				980D9BDE1C7E23A400C30167 /* Camera.h */,
				98F03C301C5FCC3D008EEF9B /* Common.h */,
				980D867A1C8487C100B2C81E /* Component.h */,
				98D27AB52058746A007C5D13 /* Draw.cpp */,
				98D27A9B20587467007C5D13 /* Draw.h */,
				98D27AB12058746A007C5D13 /* Drawable.cpp */,
				98D27AC02058746C007C5D13 /* Drawable.h */,
				98F03C411C5FDEBB008EEF9B /* Enums.h */,
				98D27A9320587410007C5D13 /* Explodable.cpp */,
				98D27A9420587410007C5D13 /* Explodable.h */,
				98F03C341C5FDD5D008EEF9B /* Files.cpp */,
				98F03C351C5FDD5D008EEF9B /* Files.h */,
				98F03C211C5FA3A2008EEF9B /* Game.cpp */,
				98F03C221C5FA3A2008EEF9B /* Game.h */,
				98D27AA620587469007C5D13 /* GameEnvironment.cpp */,
				98D27A9D20587467007C5D13 /* GameEnvironment.h */,
				98F03C241C5FCAF3008EEF9B /* GameObject.cpp */,
				98F03C251C5FCAF3008EEF9B /* GameObject.h */,
				98D27AB62058746B007C5D13 /* GameState.cpp */,
				98D27A9E20587467007C5D13 /* GameState.h */,
				98F03C2A1C5FCBB4008EEF9B /* GameTime.cpp */,
				98F03C2B1C5FCBB4008EEF9B /* GameTime.h */,
				980D86831C8F3DAD00B2C81E /* GeometryProvider.cpp */,
				980D86841C8F3DAD00B2C81E /* GeometryProvider.h */,
				98F03C311C5FCC77008EEF9B /* glError.cpp */,
				98F03C321C5FCC77008EEF9B /* glError.h */,
				980D867F1C8F32F400B2C81E /* Grid.cpp */,
				980D86801C8F32F400B2C81E /* Grid.h */,
				98D27ABB2058746B007C5D13 /* Hud.cpp */,
				98D27AAE2058746A007C5D13 /* Hud.h */,
				98D27AA420587468007C5D13 /* Identity.cpp */,
				98D27ABE2058746C007C5D13 /* Identity.h */,
				98DEDA5C1C7F9F11005776DB /* InputHandler.cpp */,
				98DEDA5D1C7F9F11005776DB /* InputHandler.h */,
				98D27ABF2058746C007C5D13 /* InputSystem.cpp */,
				98D27A9C20587467007C5D13 /* InputSystem.h */,
				98D27A9720587466007C5D13 /* Light.cpp */,
				98D27AAA20587469007C5D13 /* Light.h */,
				98F03C2D1C5FCBF6008EEF9B /* Log.cpp */,
				98F03C2E1C5FCBF6008EEF9B /* Log.h */,
				9831A2BE1C56A0A4005F2989 /* main.cpp */,
				98D48EEE1C62716800C3A36B /* Material.cpp */,
				98D48EEF1C62716800C3A36B /* Material.h */,
				98BD50D31C6BAB0A004A88C1 /* Matrix.cpp */,
				98BD50D41C6BAB0A004A88C1 /* Matrix.h */,
				98F4ADB01C60087700D98467 /* Mesh.cpp */,
				98F4ADB11C60087700D98467 /* Mesh.h */,
				98D27ABD2058746B007C5D13 /* Missile.cpp */,
				98D27AAF2058746A007C5D13 /* Missile.h */,
				98D27A9920587467007C5D13 /* ModelStore.h */,
				98D27AA520587468007C5D13 /* PerlinNoise.cpp */,
				98D27AB72058746B007C5D13 /* PerlinNoise.h */,
				98D27AB82058746B007C5D13 /* Preprocessor.cpp */,
				98D27AB92058746B007C5D13 /* Preprocessor.h */,
				98D27AA120587468007C5D13 /* Primitive.cpp */,
				98D27AB22058746A007C5D13 /* Primitive.h */,
				98D48EE81C624E0F00C3A36B /* Resource.cpp */,
				98D48EE91C624E0F00C3A36B /* Resource.h */,
				98D27AA220587468007C5D13 /* Scoreboard.cpp */,
				98D27AA320587468007C5D13 /* Scoreboard.h */,
				98D27ABA2058746B007C5D13 /* Shader.cpp */,
				98D27AAB20587469007C5D13 /* Shader.h */,
				98D27AB42058746A007C5D13 /* ShaderProcessor.cpp */,
				98D27A9F20587468007C5D13 /* ShaderProcessor.h */,
				980D9BEF1C7E254100C30167 /* Ship.cpp */,
				980D9BF01C7E254100C30167 /* Ship.h */,
				98D27AAC20587469007C5D13 /* SimplexNoise.cpp */,
				98D27AA020587468007C5D13 /* SimplexNoise.h */,
				98D27ABC2058746B007C5D13 /* Sprite.cpp */,
				98D27AA920587469007C5D13 /* Sprite.h */,
				98D27A9A20587467007C5D13 /* StateMachine.cpp */,
				98D27AA720587469007C5D13 /* StateMachine.h */,
				98D27AAD20587469007C5D13 /* Text.cpp */,
				98D27AB32058746A007C5D13 /* Text.h */,
				980D9BDF1C7E23A400C30167 /* Transform.cpp */,
				980D9BE01C7E23A400C30167 /* Transform.h */,
				98D27AA820587469007C5D13 /* UniformCollection.cpp */,
				98D27AB02058746A007C5D13 /* UniformCollection.h */,
				98BD50CF1C6BAA0E004A88C1 /* Vectors.cpp */,
				98BD50D01C6BAA0E004A88C1 /* Vectors.h */,
				98D27A9820587467007C5D13 /* Vertex.h */,
				980D9BE11C7E23A400C30167 /* WorldEntity.cpp */,
				980D9BE21C7E23A400C30167 /* WorldEntity.h */,
			);
			name = Engine;
			sourceTree = "<group>";
		};
/* End PBXGroup section */

/* Begin PBXNativeTarget section */
		9831A2BA1C56A0A4005F2989 /* GameEngine */ = {
			isa = PBXNativeTarget;
			buildConfigurationList = 9831A2C21C56A0A4005F2989 /* Build configuration list for PBXNativeTarget "GameEngine" */;
			buildPhases = (
				9831A2B71C56A0A4005F2989 /* Sources */,
				9831A2B81C56A0A4005F2989 /* Frameworks */,
				9831A2B91C56A0A4005F2989 /* Copy Files */,
			);
			buildRules = (
			);
			dependencies = (
			);
			name = GameEngine;
			productName = Template;
			productReference = 9831A2BB1C56A0A4005F2989 /* GameEngine */;
			productType = "com.apple.product-type.tool";
		};
		A6BE86611C6B96F900B62F67 /* GameEngine10_11 */ = {
			isa = PBXNativeTarget;
			buildConfigurationList = A6BE86781C6B96F900B62F67 /* Build configuration list for PBXNativeTarget "GameEngine10_11" */;
			buildPhases = (
				A6BE86621C6B96F900B62F67 /* Sources */,
				A6BE86751C6B96F900B62F67 /* Frameworks */,
				A6BE86771C6B96F900B62F67 /* Copy Files */,
			);
			buildRules = (
			);
			dependencies = (
			);
			name = GameEngine10_11;
			productName = Template;
			productReference = A6BE867B1C6B96F900B62F67 /* GameEngine10_11 */;
			productType = "com.apple.product-type.tool";
		};
/* End PBXNativeTarget section */

/* Begin PBXProject section */
		9831A2B31C56A0A4005F2989 /* Project object */ = {
			isa = PBXProject;
			attributes = {
				LastUpgradeCheck = 0920;
				ORGANIZATIONNAME = "David Lively";
				TargetAttributes = {
					9831A2BA1C56A0A4005F2989 = {
						CreatedOnToolsVersion = 7.1.1;
					};
				};
			};
			buildConfigurationList = 9831A2B61C56A0A4005F2989 /* Build configuration list for PBXProject "GameEngine" */;
			compatibilityVersion = "Xcode 3.2";
			developmentRegion = English;
			hasScannedForEncodings = 0;
			knownRegions = (
				en,
			);
			mainGroup = 9831A2B21C56A0A4005F2989;
			productRefGroup = 9831A2BC1C56A0A4005F2989 /* Products */;
			projectDirPath = "";
			projectRoot = "";
			targets = (
				9831A2BA1C56A0A4005F2989 /* GameEngine */,
				A6BE86611C6B96F900B62F67 /* GameEngine10_11 */,
			);
		};
/* End PBXProject section */

/* Begin PBXSourcesBuildPhase section */
		9831A2B71C56A0A4005F2989 /* Sources */ = {
			isa = PBXSourcesBuildPhase;
			buildActionMask = 2147483647;
			files = (
				98D27AC12058746C007C5D13 /* Light.cpp in Sources */,
				980D86851C8F3DAD00B2C81E /* GeometryProvider.cpp in Sources */,
				98D27AD42058746C007C5D13 /* InputSystem.cpp in Sources */,
				980D86811C8F32F400B2C81E /* Grid.cpp in Sources */,
				98D27ACD2058746C007C5D13 /* Draw.cpp in Sources */,
				98D27ACF2058746C007C5D13 /* Preprocessor.cpp in Sources */,
				98D27AC62058746C007C5D13 /* PerlinNoise.cpp in Sources */,
				98F03C231C5FA3A2008EEF9B /* Game.cpp in Sources */,
				98D27A9520587411007C5D13 /* Explodable.cpp in Sources */,
				98D27ACA2058746C007C5D13 /* Text.cpp in Sources */,
				98D27ACB2058746C007C5D13 /* Drawable.cpp in Sources */,
				98DEDA5E1C7F9F11005776DB /* InputHandler.cpp in Sources */,
				98D27AD22058746C007C5D13 /* Sprite.cpp in Sources */,
				98F03C331C5FCC77008EEF9B /* glError.cpp in Sources */,
				9831A2F31C56A221005F2989 /* gl_core_4_3.cpp in Sources */,
				98BD50D51C6BAB0A004A88C1 /* Matrix.cpp in Sources */,
				98D27AC22058746C007C5D13 /* StateMachine.cpp in Sources */,
				98D27AD12058746C007C5D13 /* Hud.cpp in Sources */,
				98D27AC72058746C007C5D13 /* GameEnvironment.cpp in Sources */,
				98D27AD32058746C007C5D13 /* Missile.cpp in Sources */,
				98F03C361C5FDD5D008EEF9B /* Files.cpp in Sources */,
				9831A2ED1C56A221005F2989 /* etc1_utils.c in Sources */,
				980D9BE71C7E23A400C30167 /* Camera.cpp in Sources */,
				98D27AD02058746C007C5D13 /* Shader.cpp in Sources */,
				98D27AC92058746C007C5D13 /* SimplexNoise.cpp in Sources */,
				9831A2EF1C56A221005F2989 /* image_helper.c in Sources */,
				98F03C261C5FCAF3008EEF9B /* GameObject.cpp in Sources */,
				98D48EF01C62716800C3A36B /* Material.cpp in Sources */,
				9831A2BF1C56A0A4005F2989 /* main.cpp in Sources */,
				98F03C2F1C5FCBF6008EEF9B /* Log.cpp in Sources */,
				980D9BF11C7E254100C30167 /* Ship.cpp in Sources */,
				98D27AC52058746C007C5D13 /* Identity.cpp in Sources */,
				980D9BEB1C7E23A400C30167 /* WorldEntity.cpp in Sources */,
				98D27ACC2058746C007C5D13 /* ShaderProcessor.cpp in Sources */,
				98F4ADB21C60087700D98467 /* Mesh.cpp in Sources */,
				98BD50D11C6BAA0E004A88C1 /* Vectors.cpp in Sources */,
				9831A2F21C56A221005F2989 /* stb_image_write.c in Sources */,
				98D27AC32058746C007C5D13 /* Primitive.cpp in Sources */,
				98D48EEA1C624E0F00C3A36B /* Resource.cpp in Sources */,
				980D9BE51C7E23A400C30167 /* AsteroidsGame.cpp in Sources */,
				980D9BE91C7E23A400C30167 /* Transform.cpp in Sources */,
				98D27AC82058746C007C5D13 /* UniformCollection.cpp in Sources */,
				9831A2F01C56A221005F2989 /* SOIL2.c in Sources */,
				98F03C2C1C5FCBB4008EEF9B /* GameTime.cpp in Sources */,
				9831A2EE1C56A221005F2989 /* image_DXT.c in Sources */,
				980D9BE31C7E23A400C30167 /* Asteroid.cpp in Sources */,
				9831A2F11C56A221005F2989 /* stb_image.c in Sources */,
				98D27AC42058746C007C5D13 /* Scoreboard.cpp in Sources */,
				98D27ACE2058746C007C5D13 /* GameState.cpp in Sources */,
			);
			runOnlyForDeploymentPostprocessing = 0;
		};
		A6BE86621C6B96F900B62F67 /* Sources */ = {
			isa = PBXSourcesBuildPhase;
			buildActionMask = 2147483647;
			files = (
				980D86861C8F3DAD00B2C81E /* GeometryProvider.cpp in Sources */,
				980D86821C8F32F400B2C81E /* Grid.cpp in Sources */,
				A6BE86631C6B96F900B62F67 /* Game.cpp in Sources */,
				98DEDA5F1C7F9F11005776DB /* InputHandler.cpp in Sources */,
				A6BE86651C6B96F900B62F67 /* glError.cpp in Sources */,
				A6BE86661C6B96F900B62F67 /* gl_core_4_3.cpp in Sources */,
				98BD50D61C6BAB0A004A88C1 /* Matrix.cpp in Sources */,
				A6BE86671C6B96F900B62F67 /* Files.cpp in Sources */,
				A6BE86681C6B96F900B62F67 /* etc1_utils.c in Sources */,
				980D9BE81C7E23A400C30167 /* Camera.cpp in Sources */,
				A6BE86691C6B96F900B62F67 /* image_helper.c in Sources */,
				A6BE866A1C6B96F900B62F67 /* GameObject.cpp in Sources */,
				A6BE866B1C6B96F900B62F67 /* Material.cpp in Sources */,
				A6BE866C1C6B96F900B62F67 /* main.cpp in Sources */,
				A6BE866D1C6B96F900B62F67 /* Log.cpp in Sources */,
				980D9BF21C7E254100C30167 /* Ship.cpp in Sources */,
				980D9BEC1C7E23A400C30167 /* WorldEntity.cpp in Sources */,
				A6BE866E1C6B96F900B62F67 /* Mesh.cpp in Sources */,
				98BD50D21C6BAA0E004A88C1 /* Vectors.cpp in Sources */,
				A6BE866F1C6B96F900B62F67 /* stb_image_write.c in Sources */,
				A6BE86701C6B96F900B62F67 /* Resource.cpp in Sources */,
				980D9BE61C7E23A400C30167 /* AsteroidsGame.cpp in Sources */,
				980D9BEA1C7E23A400C30167 /* Transform.cpp in Sources */,
				A6BE86711C6B96F900B62F67 /* SOIL2.c in Sources */,
				A6BE86721C6B96F900B62F67 /* GameTime.cpp in Sources */,
				A6BE86731C6B96F900B62F67 /* image_DXT.c in Sources */,
				980D9BE41C7E23A400C30167 /* Asteroid.cpp in Sources */,
				A6BE86741C6B96F900B62F67 /* stb_image.c in Sources */,
			);
			runOnlyForDeploymentPostprocessing = 0;
		};
/* End PBXSourcesBuildPhase section */

/* Begin XCBuildConfiguration section */
		9831A2C01C56A0A4005F2989 /* Debug */ = {
			isa = XCBuildConfiguration;
			buildSettings = {
				ALWAYS_SEARCH_USER_PATHS = NO;
				CLANG_CXX_LANGUAGE_STANDARD = "gnu++0x";
				CLANG_CXX_LIBRARY = "libc++";
				CLANG_ENABLE_MODULES = YES;
				CLANG_ENABLE_OBJC_ARC = YES;
				CLANG_WARN_BLOCK_CAPTURE_AUTORELEASING = YES;
				CLANG_WARN_BOOL_CONVERSION = YES;
				CLANG_WARN_COMMA = YES;
				CLANG_WARN_CONSTANT_CONVERSION = YES;
				CLANG_WARN_DIRECT_OBJC_ISA_USAGE = YES_ERROR;
				CLANG_WARN_EMPTY_BODY = YES;
				CLANG_WARN_ENUM_CONVERSION = YES;
				CLANG_WARN_INFINITE_RECURSION = YES;
				CLANG_WARN_INT_CONVERSION = YES;
				CLANG_WARN_NON_LITERAL_NULL_CONVERSION = YES;
				CLANG_WARN_OBJC_LITERAL_CONVERSION = YES;
				CLANG_WARN_OBJC_ROOT_CLASS = YES_ERROR;
				CLANG_WARN_RANGE_LOOP_ANALYSIS = YES;
				CLANG_WARN_STRICT_PROTOTYPES = YES;
				CLANG_WARN_SUSPICIOUS_MOVE = YES;
				CLANG_WARN_UNREACHABLE_CODE = YES;
				CLANG_WARN__DUPLICATE_METHOD_MATCH = YES;
				CODE_SIGN_IDENTITY = "-";
				COPY_PHASE_STRIP = NO;
				DEBUG_INFORMATION_FORMAT = dwarf;
				ENABLE_STRICT_OBJC_MSGSEND = YES;
				ENABLE_TESTABILITY = YES;
				GCC_C_LANGUAGE_STANDARD = gnu99;
				GCC_DYNAMIC_NO_PIC = NO;
				GCC_NO_COMMON_BLOCKS = YES;
				GCC_OPTIMIZATION_LEVEL = 0;
				GCC_PREPROCESSOR_DEFINITIONS = (
					"DEBUG=1",
					"$(inherited)",
				);
				GCC_WARN_64_TO_32_BIT_CONVERSION = YES;
				GCC_WARN_ABOUT_RETURN_TYPE = YES_ERROR;
				GCC_WARN_UNDECLARED_SELECTOR = YES;
				GCC_WARN_UNINITIALIZED_AUTOS = YES_AGGRESSIVE;
				GCC_WARN_UNUSED_FUNCTION = YES;
				GCC_WARN_UNUSED_VARIABLE = YES;
				MACOSX_DEPLOYMENT_TARGET = 10.10;
				MTL_ENABLE_DEBUG_INFO = YES;
				ONLY_ACTIVE_ARCH = YES;
				SDKROOT = macosx;
			};
			name = Debug;
		};
		9831A2C11C56A0A4005F2989 /* Release */ = {
			isa = XCBuildConfiguration;
			buildSettings = {
				ALWAYS_SEARCH_USER_PATHS = NO;
				CLANG_CXX_LANGUAGE_STANDARD = "gnu++0x";
				CLANG_CXX_LIBRARY = "libc++";
				CLANG_ENABLE_MODULES = YES;
				CLANG_ENABLE_OBJC_ARC = YES;
				CLANG_WARN_BLOCK_CAPTURE_AUTORELEASING = YES;
				CLANG_WARN_BOOL_CONVERSION = YES;
				CLANG_WARN_COMMA = YES;
				CLANG_WARN_CONSTANT_CONVERSION = YES;
				CLANG_WARN_DIRECT_OBJC_ISA_USAGE = YES_ERROR;
				CLANG_WARN_EMPTY_BODY = YES;
				CLANG_WARN_ENUM_CONVERSION = YES;
				CLANG_WARN_INFINITE_RECURSION = YES;
				CLANG_WARN_INT_CONVERSION = YES;
				CLANG_WARN_NON_LITERAL_NULL_CONVERSION = YES;
				CLANG_WARN_OBJC_LITERAL_CONVERSION = YES;
				CLANG_WARN_OBJC_ROOT_CLASS = YES_ERROR;
				CLANG_WARN_RANGE_LOOP_ANALYSIS = YES;
				CLANG_WARN_STRICT_PROTOTYPES = YES;
				CLANG_WARN_SUSPICIOUS_MOVE = YES;
				CLANG_WARN_UNREACHABLE_CODE = YES;
				CLANG_WARN__DUPLICATE_METHOD_MATCH = YES;
				CODE_SIGN_IDENTITY = "-";
				COPY_PHASE_STRIP = NO;
				DEBUG_INFORMATION_FORMAT = "dwarf-with-dsym";
				ENABLE_NS_ASSERTIONS = NO;
				ENABLE_STRICT_OBJC_MSGSEND = YES;
				GCC_C_LANGUAGE_STANDARD = gnu99;
				GCC_NO_COMMON_BLOCKS = YES;
				GCC_WARN_64_TO_32_BIT_CONVERSION = YES;
				GCC_WARN_ABOUT_RETURN_TYPE = YES_ERROR;
				GCC_WARN_UNDECLARED_SELECTOR = YES;
				GCC_WARN_UNINITIALIZED_AUTOS = YES_AGGRESSIVE;
				GCC_WARN_UNUSED_FUNCTION = YES;
				GCC_WARN_UNUSED_VARIABLE = YES;
				MACOSX_DEPLOYMENT_TARGET = 10.10;
				MTL_ENABLE_DEBUG_INFO = NO;
				SDKROOT = macosx;
			};
			name = Release;
		};
		9831A2C31C56A0A4005F2989 /* Debug */ = {
			isa = XCBuildConfiguration;
			buildSettings = {
				HEADER_SEARCH_PATHS = (
					"$(inherited)",
					"$(SRCROOT)/GameEngine/ThirdParty/include",
				);
				LIBRARY_SEARCH_PATHS = (
					"$(inherited)",
					"/usr/local/lib/**",
				);
				OTHER_LDFLAGS = "";
				PRODUCT_NAME = GameEngine;
			};
			name = Debug;
		};
		9831A2C41C56A0A4005F2989 /* Release */ = {
			isa = XCBuildConfiguration;
			buildSettings = {
				HEADER_SEARCH_PATHS = (
					"$(inherited)",
					"$(SRCROOT)/GameEngine/ThirdParty/include",
				);
				LIBRARY_SEARCH_PATHS = (
					"$(inherited)",
					"/usr/local/lib/**",
				);
				OTHER_LDFLAGS = "";
				PRODUCT_NAME = GameEngine;
			};
			name = Release;
		};
		A6BE86791C6B96F900B62F67 /* Debug */ = {
			isa = XCBuildConfiguration;
			buildSettings = {
				HEADER_SEARCH_PATHS = (
					"$(inherited)",
					/opt/local/include,
					"$(SRCROOT)/GameEngine/ThirdParty/include",
				);
				LIBRARY_SEARCH_PATHS = (
					"$(inherited)",
					/opt/local/lib,
				);
				OTHER_LDFLAGS = (
					"-l",
					glfw3,
				);
				PRODUCT_NAME = "$(TARGET_NAME)";
			};
			name = Debug;
		};
		A6BE867A1C6B96F900B62F67 /* Release */ = {
			isa = XCBuildConfiguration;
			buildSettings = {
				HEADER_SEARCH_PATHS = (
					"$(inherited)",
					/opt/local/include,
					"$(SRCROOT)/GameEngine/ThirdParty/include",
				);
				LIBRARY_SEARCH_PATHS = (
					"$(inherited)",
					/opt/local/lib,
				);
				OTHER_LDFLAGS = (
					"-l",
					glfw3,
				);
				PRODUCT_NAME = "$(TARGET_NAME)";
			};
			name = Release;
		};
/* End XCBuildConfiguration section */

/* Begin XCConfigurationList section */
		9831A2B61C56A0A4005F2989 /* Build configuration list for PBXProject "GameEngine" */ = {
			isa = XCConfigurationList;
			buildConfigurations = (
				9831A2C01C56A0A4005F2989 /* Debug */,
				9831A2C11C56A0A4005F2989 /* Release */,
			);
			defaultConfigurationIsVisible = 0;
			defaultConfigurationName = Release;
		};
		9831A2C21C56A0A4005F2989 /* Build configuration list for PBXNativeTarget "GameEngine" */ = {
			isa = XCConfigurationList;
			buildConfigurations = (
				9831A2C31C56A0A4005F2989 /* Debug */,
				9831A2C41C56A0A4005F2989 /* Release */,
			);
			defaultConfigurationIsVisible = 0;
			defaultConfigurationName = Release;
		};
		A6BE86781C6B96F900B62F67 /* Build configuration list for PBXNativeTarget "GameEngine10_11" */ = {
			isa = XCConfigurationList;
			buildConfigurations = (
				A6BE86791C6B96F900B62F67 /* Debug */,
				A6BE867A1C6B96F900B62F67 /* Release */,
			);
			defaultConfigurationIsVisible = 0;
			defaultConfigurationName = Release;
		};
/* End XCConfigurationList section */
	};
	rootObject = 9831A2B31C56A0A4005F2989 /* Project object */;
}
